
Microsoft Visual Studio Solution File, Format Version 12.00
# Visual Studio 15
VisualStudioVersion = 15.0.28010.2019
MinimumVisualStudioVersion = 10.0.40219.1
Project("{FAE04EC0-301F-11D3-BF4B-00C04F79EFBC}") = "PizzaOrderTristanR", "PizzaOrderTristanR\PizzaOrderTristanR.csproj", "{18406B30-5250-47CE-B4A4-F2AE94EC86B9}"
EndProject
Global
	GlobalSection(SolutionConfigurationPlatforms) = preSolution
		Debug|Any CPU = Debug|Any CPU
		Release|Any CPU = Release|Any CPU
	EndGlobalSection
	GlobalSection(ProjectConfigurationPlatforms) = postSolution
		{18406B30-5250-47CE-B4A4-F2AE94EC86B9}.Debug|Any CPU.ActiveCfg = Debug|Any CPU
		{18406B30-5250-47CE-B4A4-F2AE94EC86B9}.Debug|Any CPU.Build.0 = Debug|Any CPU
		{18406B30-5250-47CE-B4A4-F2AE94EC86B9}.Release|Any CPU.ActiveCfg = Release|Any CPU
		{18406B30-5250-47CE-B4A4-F2AE94EC86B9}.Release|Any CPU.Build.0 = Release|Any CPU
	EndGlobalSection
	GlobalSection(SolutionProperties) = preSolution
		HideSolutionNode = FALSE
	EndGlobalSection
	GlobalSection(ExtensibilityGlobals) = postSolution
		SolutionGuid = {06C0A551-1085-429D-A646-7746EA4C83D1}
	EndGlobalSection
EndGlobal
